
Microsoft Visual Studio Solution File, Format Version 12.00
# Visual Studio Version 17
VisualStudioVersion = 17.8.34316.72
MinimumVisualStudioVersion = 10.0.40219.1
Project("{FAE04EC0-301F-11D3-BF4B-00C04F79EFBC}") = "WpfApp1", "WpfApp1\WpfApp1.csproj", "{30B4EAFE-FA08-4B2A-B25C-5913AC4A4EEE}"
EndProject
Global
	GlobalSection(SolutionConfigurationPlatforms) = preSolution
		Debug|Any CPU = Debug|Any CPU
		Release|Any CPU = Release|Any CPU
	EndGlobalSection
	GlobalSection(ProjectConfigurationPlatforms) = postSolution
		{30B4EAFE-FA08-4B2A-B25C-5913AC4A4EEE}.Debug|Any CPU.ActiveCfg = Debug|Any CPU
		{30B4EAFE-FA08-4B2A-B25C-5913AC4A4EEE}.Debug|Any CPU.Build.0 = Debug|Any CPU
		{30B4EAFE-FA08-4B2A-B25C-5913AC4A4EEE}.Release|Any CPU.ActiveCfg = Release|Any CPU
		{30B4EAFE-FA08-4B2A-B25C-5913AC4A4EEE}.Release|Any CPU.Build.0 = Release|Any CPU
	EndGlobalSection
	GlobalSection(SolutionProperties) = preSolution
		HideSolutionNode = FALSE
	EndGlobalSection
	GlobalSection(ExtensibilityGlobals) = postSolution
		SolutionGuid = {5FC51935-178B-46D4-824A-52D3363B6D45}
	EndGlobalSection
EndGlobal
