
Microsoft Visual Studio Solution File, Format Version 12.00
# Visual Studio Version 17
VisualStudioVersion = 17.5.33424.131
MinimumVisualStudioVersion = 10.0.40219.1
Project("{FAE04EC0-301F-11D3-BF4B-00C04F79EFBC}") = "zadanie_1", "zadanie_1.csproj", "{450A1A33-34F5-453E-AD27-AED90E2D294A}"
EndProject
Global
	GlobalSection(SolutionConfigurationPlatforms) = preSolution
		Debug|Any CPU = Debug|Any CPU
		Release|Any CPU = Release|Any CPU
	EndGlobalSection
	GlobalSection(ProjectConfigurationPlatforms) = postSolution
		{450A1A33-34F5-453E-AD27-AED90E2D294A}.Debug|Any CPU.ActiveCfg = Debug|Any CPU
		{450A1A33-34F5-453E-AD27-AED90E2D294A}.Debug|Any CPU.Build.0 = Debug|Any CPU
		{450A1A33-34F5-453E-AD27-AED90E2D294A}.Release|Any CPU.ActiveCfg = Release|Any CPU
		{450A1A33-34F5-453E-AD27-AED90E2D294A}.Release|Any CPU.Build.0 = Release|Any CPU
	EndGlobalSection
	GlobalSection(SolutionProperties) = preSolution
		HideSolutionNode = FALSE
	EndGlobalSection
	GlobalSection(ExtensibilityGlobals) = postSolution
		SolutionGuid = {7178CFA6-6628-441C-8C1B-4FA2FA022613}
	EndGlobalSection
EndGlobal
