
Microsoft Visual Studio Solution File, Format Version 12.00
# Visual Studio Version 17
VisualStudioVersion = 17.7.34024.191
MinimumVisualStudioVersion = 10.0.40219.1
Project("{FAE04EC0-301F-11D3-BF4B-00C04F79EFBC}") = "zadanie_1", "zadanie_1\zadanie_1.csproj", "{13CB611A-3B08-42D9-93D6-400896B168C3}"
EndProject
Global
	GlobalSection(SolutionConfigurationPlatforms) = preSolution
		Debug|Any CPU = Debug|Any CPU
		Release|Any CPU = Release|Any CPU
	EndGlobalSection
	GlobalSection(ProjectConfigurationPlatforms) = postSolution
		{13CB611A-3B08-42D9-93D6-400896B168C3}.Debug|Any CPU.ActiveCfg = Debug|Any CPU
		{13CB611A-3B08-42D9-93D6-400896B168C3}.Debug|Any CPU.Build.0 = Debug|Any CPU
		{13CB611A-3B08-42D9-93D6-400896B168C3}.Release|Any CPU.ActiveCfg = Release|Any CPU
		{13CB611A-3B08-42D9-93D6-400896B168C3}.Release|Any CPU.Build.0 = Release|Any CPU
	EndGlobalSection
	GlobalSection(SolutionProperties) = preSolution
		HideSolutionNode = FALSE
	EndGlobalSection
	GlobalSection(ExtensibilityGlobals) = postSolution
		SolutionGuid = {1AC38ACD-258D-431D-909F-008D0CC54902}
	EndGlobalSection
EndGlobal
